
Microsoft Visual Studio Solution File, Format Version 12.00
# Visual Studio Version 16
VisualStudioVersion = 16.0.31829.152
MinimumVisualStudioVersion = 10.0.40219.1
Project("{FAE04EC0-301F-11D3-BF4B-00C04F79EFBC}") = "PopusTutorial.Android", "PopusTutorial.Android\PopusTutorial.Android.csproj", "{EF4F9794-47EF-4C4F-A057-118C7F8226D1}"
EndProject
Project("{FAE04EC0-301F-11D3-BF4B-00C04F79EFBC}") = "PopusTutorial.iOS", "PopusTutorial.iOS\PopusTutorial.iOS.csproj", "{2950AE5A-3CC5-4891-8F61-7E8AF569C086}"
EndProject
Project("{FAE04EC0-301F-11D3-BF4B-00C04F79EFBC}") = "PopusTutorial", "PopusTutorial\PopusTutorial.csproj", "{0CAF2A45-4789-4DD5-A9ED-BEA10724CE14}"
EndProject
Global
	GlobalSection(SolutionConfigurationPlatforms) = preSolution
		Debug|Any CPU = Debug|Any CPU
		Debug|iPhone = Debug|iPhone
		Debug|iPhoneSimulator = Debug|iPhoneSimulator
		Release|Any CPU = Release|Any CPU
		Release|iPhone = Release|iPhone
		Release|iPhoneSimulator = Release|iPhoneSimulator
	EndGlobalSection
	GlobalSection(ProjectConfigurationPlatforms) = postSolution
		{EF4F9794-47EF-4C4F-A057-118C7F8226D1}.Debug|Any CPU.ActiveCfg = Debug|Any CPU
		{EF4F9794-47EF-4C4F-A057-118C7F8226D1}.Debug|Any CPU.Build.0 = Debug|Any CPU
		{EF4F9794-47EF-4C4F-A057-118C7F8226D1}.Debug|Any CPU.Deploy.0 = Debug|Any CPU
		{EF4F9794-47EF-4C4F-A057-118C7F8226D1}.Debug|iPhone.ActiveCfg = Debug|Any CPU
		{EF4F9794-47EF-4C4F-A057-118C7F8226D1}.Debug|iPhone.Build.0 = Debug|Any CPU
		{EF4F9794-47EF-4C4F-A057-118C7F8226D1}.Debug|iPhone.Deploy.0 = Debug|Any CPU
		{EF4F9794-47EF-4C4F-A057-118C7F8226D1}.Debug|iPhoneSimulator.ActiveCfg = Debug|Any CPU
		{EF4F9794-47EF-4C4F-A057-118C7F8226D1}.Debug|iPhoneSimulator.Build.0 = Debug|Any CPU
		{EF4F9794-47EF-4C4F-A057-118C7F8226D1}.Debug|iPhoneSimulator.Deploy.0 = Debug|Any CPU
		{EF4F9794-47EF-4C4F-A057-118C7F8226D1}.Release|Any CPU.ActiveCfg = Release|Any CPU
		{EF4F9794-47EF-4C4F-A057-118C7F8226D1}.Release|Any CPU.Build.0 = Release|Any CPU
		{EF4F9794-47EF-4C4F-A057-118C7F8226D1}.Release|Any CPU.Deploy.0 = Release|Any CPU
		{EF4F9794-47EF-4C4F-A057-118C7F8226D1}.Release|iPhone.ActiveCfg = Release|Any CPU
		{EF4F9794-47EF-4C4F-A057-118C7F8226D1}.Release|iPhone.Build.0 = Release|Any CPU
		{EF4F9794-47EF-4C4F-A057-118C7F8226D1}.Release|iPhone.Deploy.0 = Release|Any CPU
		{EF4F9794-47EF-4C4F-A057-118C7F8226D1}.Release|iPhoneSimulator.ActiveCfg = Release|Any CPU
		{EF4F9794-47EF-4C4F-A057-118C7F8226D1}.Release|iPhoneSimulator.Build.0 = Release|Any CPU
		{EF4F9794-47EF-4C4F-A057-118C7F8226D1}.Release|iPhoneSimulator.Deploy.0 = Release|Any CPU
		{2950AE5A-3CC5-4891-8F61-7E8AF569C086}.Debug|Any CPU.ActiveCfg = Debug|iPhone
		{2950AE5A-3CC5-4891-8F61-7E8AF569C086}.Debug|Any CPU.Build.0 = Debug|iPhone
		{2950AE5A-3CC5-4891-8F61-7E8AF569C086}.Debug|Any CPU.Deploy.0 = Debug|iPhone
		{2950AE5A-3CC5-4891-8F61-7E8AF569C086}.Debug|iPhone.ActiveCfg = Debug|iPhone
		{2950AE5A-3CC5-4891-8F61-7E8AF569C086}.Debug|iPhone.Build.0 = Debug|iPhone
		{2950AE5A-3CC5-4891-8F61-7E8AF569C086}.Debug|iPhone.Deploy.0 = Debug|iPhone
		{2950AE5A-3CC5-4891-8F61-7E8AF569C086}.Debug|iPhoneSimulator.ActiveCfg = Debug|iPhoneSimulator
		{2950AE5A-3CC5-4891-8F61-7E8AF569C086}.Debug|iPhoneSimulator.Build.0 = Debug|iPhoneSimulator
		{2950AE5A-3CC5-4891-8F61-7E8AF569C086}.Debug|iPhoneSimulator.Deploy.0 = Debug|iPhoneSimulator
		{2950AE5A-3CC5-4891-8F61-7E8AF569C086}.Release|Any CPU.ActiveCfg = Release|iPhoneSimulator
		{2950AE5A-3CC5-4891-8F61-7E8AF569C086}.Release|Any CPU.Build.0 = Release|iPhoneSimulator
		{2950AE5A-3CC5-4891-8F61-7E8AF569C086}.Release|Any CPU.Deploy.0 = Release|iPhoneSimulator
		{2950AE5A-3CC5-4891-8F61-7E8AF569C086}.Release|iPhone.ActiveCfg = Release|iPhone
		{2950AE5A-3CC5-4891-8F61-7E8AF569C086}.Release|iPhone.Build.0 = Release|iPhone
		{2950AE5A-3CC5-4891-8F61-7E8AF569C086}.Release|iPhone.Deploy.0 = Release|iPhone
		{2950AE5A-3CC5-4891-8F61-7E8AF569C086}.Release|iPhoneSimulator.ActiveCfg = Release|iPhoneSimulator
		{2950AE5A-3CC5-4891-8F61-7E8AF569C086}.Release|iPhoneSimulator.Build.0 = Release|iPhoneSimulator
		{2950AE5A-3CC5-4891-8F61-7E8AF569C086}.Release|iPhoneSimulator.Deploy.0 = Release|iPhoneSimulator
		{0CAF2A45-4789-4DD5-A9ED-BEA10724CE14}.Debug|Any CPU.ActiveCfg = Debug|Any CPU
		{0CAF2A45-4789-4DD5-A9ED-BEA10724CE14}.Debug|Any CPU.Build.0 = Debug|Any CPU
		{0CAF2A45-4789-4DD5-A9ED-BEA10724CE14}.Debug|Any CPU.Deploy.0 = Debug|Any CPU
		{0CAF2A45-4789-4DD5-A9ED-BEA10724CE14}.Debug|iPhone.ActiveCfg = Debug|Any CPU
		{0CAF2A45-4789-4DD5-A9ED-BEA10724CE14}.Debug|iPhone.Build.0 = Debug|Any CPU
		{0CAF2A45-4789-4DD5-A9ED-BEA10724CE14}.Debug|iPhone.Deploy.0 = Debug|Any CPU
		{0CAF2A45-4789-4DD5-A9ED-BEA10724CE14}.Debug|iPhoneSimulator.ActiveCfg = Debug|Any CPU
		{0CAF2A45-4789-4DD5-A9ED-BEA10724CE14}.Debug|iPhoneSimulator.Build.0 = Debug|Any CPU
		{0CAF2A45-4789-4DD5-A9ED-BEA10724CE14}.Debug|iPhoneSimulator.Deploy.0 = Debug|Any CPU
		{0CAF2A45-4789-4DD5-A9ED-BEA10724CE14}.Release|Any CPU.ActiveCfg = Release|Any CPU
		{0CAF2A45-4789-4DD5-A9ED-BEA10724CE14}.Release|Any CPU.Build.0 = Release|Any CPU
		{0CAF2A45-4789-4DD5-A9ED-BEA10724CE14}.Release|Any CPU.Deploy.0 = Release|Any CPU
		{0CAF2A45-4789-4DD5-A9ED-BEA10724CE14}.Release|iPhone.ActiveCfg = Release|Any CPU
		{0CAF2A45-4789-4DD5-A9ED-BEA10724CE14}.Release|iPhone.Build.0 = Release|Any CPU
		{0CAF2A45-4789-4DD5-A9ED-BEA10724CE14}.Release|iPhone.Deploy.0 = Release|Any CPU
		{0CAF2A45-4789-4DD5-A9ED-BEA10724CE14}.Release|iPhoneSimulator.ActiveCfg = Release|Any CPU
		{0CAF2A45-4789-4DD5-A9ED-BEA10724CE14}.Release|iPhoneSimulator.Build.0 = Release|Any CPU
		{0CAF2A45-4789-4DD5-A9ED-BEA10724CE14}.Release|iPhoneSimulator.Deploy.0 = Release|Any CPU
	EndGlobalSection
	GlobalSection(SolutionProperties) = preSolution
		HideSolutionNode = FALSE
	EndGlobalSection
	GlobalSection(ExtensibilityGlobals) = postSolution
		SolutionGuid = {277BA81E-4437-46C0-B5AF-64E36C3F7526}
	EndGlobalSection
EndGlobal
